<?xml version="1.0" encoding="utf-8"?>
<Project ToolsVersion="4.0" xmlns="http://schemas.microsoft.com/developer/msbuild/2003">
  <ItemGroup>
    <Filter Include="Source Files">
      <UniqueIdentifier>{4FC737F1-C7A5-4376-A066-2A32D752A2FF}</UniqueIdentifier>
      <Extensions>cpp;c;cc;cxx;def;odl;idl;hpj;bat;asm;asmx</Extensions>
    </Filter>
    <Filter Include="Header Files">
      <UniqueIdentifier>{93995380-89BD-4b04-88EB-625FBE52EBFB}</UniqueIdentifier>
      <Extensions>h;hh;hpp;hxx;hm;inl;inc;xsd</Extensions>
    </Filter>
    <Filter Include="Resource Files">
      <UniqueIdentifier>{67DA6AB6-F800-4c08-8B7A-83BB121AAD01}</UniqueIdentifier>
      <Extensions>rc;ico;cur;bmp;dlg;rc2;rct;bin;rgs;gif;jpg;jpeg;jpe;resx;tiff;tif;png;wav;mfcribbon-ms</Extensions>
    </Filter>
  </ItemGroup>
  <ItemGroup>
    <ClCompile Include="..\..\src\EngineDemo.cpp">
      <Filter>Source Files</Filter>
    </ClCompile>
  </ItemGroup>
  <ItemGroup>
    <None Include="..\..\assets\shaders\bgBlend.fs">
      <Filter>Resource Files</Filter>
    </None>
    <None Include="..\..\assets\shaders\bgBlend.vs">
      <Filter>Resource Files</Filter>
    </None>
    <None Include="..\..\assets\shaders\bgPaste.fs">
      <Filter>Resource Files</Filter>
    </None>
    <None Include="..\..\assets\shaders\bgPaste.vs">
      <Filter>Resource Files</Filter>
    </None>
    <None Include="..\..\assets\shaders\default.fs">
      <Filter>Resource Files</Filter>
    </None>
    <None Include="..\..\assets\shaders\default.vs">
      <Filter>Resource Files</Filter>
    </None>
    <None Include="..\..\assets\shaders\default_mtx.vs">
      <Filter>Resource Files</Filter>
    </None>
    <None Include="..\..\assets\shaders\default_tex.fs">
      <Filter>Resource Files</Filter>
    </None>
    <None Include="..\..\assets\shaders\default_tex.vs">
      <Filter>Resource Files</Filter>
    </None>
    <None Include="..\..\assets\shaders\defColor2D.vs">
      <Filter>Resource Files</Filter>
    </None>
    <None Include="..\..\assets\shaders\pasteScreen.vs">
      <Filter>Resource Files</Filter>
    </None>
    <None Include="..\..\assets\shaders\phong.fs">
      <Filter>Resource Files</Filter>
    </None>
    <None Include="..\..\assets\shaders\phong.vs">
      <Filter>Resource Files</Filter>
    </None>
    <None Include="..\..\assets\shaders\phong_dn.fs">
      <Filter>Resource Files</Filter>
    </None>
    <None Include="..\..\assets\shaders\phong_dn.vs">
      <Filter>Resource Files</Filter>
    </None>
    <None Include="..\..\assets\shaders\phong_dns.fs">
      <Filter>Resource Files</Filter>
    </None>
    <None Include="..\..\assets\shaders\phong_dns.vs">
      <Filter>Resource Files</Filter>
    </None>
    <None Include="..\..\assets\shaders\phong_tex.fs">
      <Filter>Resource Files</Filter>
    </None>
    <None Include="..\..\assets\shaders\phong_tex.vs">
      <Filter>Resource Files</Filter>
    </None>
    <None Include="..\..\assets\shaders\sphereRefl.fs">
      <Filter>Resource Files</Filter>
    </None>
    <None Include="..\..\assets\shaders\sphereRefl.vs">
      <Filter>Resource Files</Filter>
    </None>
    <None Include="..\..\assets\shaders\sphereRefl_Diff.fs">
      <Filter>Resource Files</Filter>
    </None>
    <None Include="..\..\assets\shaders\sphereRefl_Diff.vs">
      <Filter>Resource Files</Filter>
    </None>
    <None Include="..\..\assets\shaders\tintWorldNormal.fs">
      <Filter>Resource Files</Filter>
    </None>
    <None Include="..\..\assets\shaders\tintWorldNormal.vs">
      <Filter>Resource Files</Filter>
    </None>
    <None Include="..\..\assets\shaders\toon.fs">
      <Filter>Resource Files</Filter>
    </None>
    <None Include="..\..\assets\shaders\toon.vs">
      <Filter>Resource Files</Filter>
    </None>
    <None Include="..\..\assets\shaders\uvColor.fs">
      <Filter>Resource Files</Filter>
    </None>
    <None Include="..\..\assets\shaders\vertColor.fs">
      <Filter>Resource Files</Filter>
    </None>
    <None Include="..\..\assets\shaders\vertColor.vs">
      <Filter>Resource Files</Filter>
    </None>
  </ItemGroup>
</Project>